
Microsoft Visual Studio Solution File, Format Version 12.00
# Visual Studio Version 16
VisualStudioVersion = 16.0.30717.126
MinimumVisualStudioVersion = 10.0.40219.1
Project("{8BC9CEB8-8B4A-11D0-8D11-00A0C91BC942}") = "aseggdf2netcdf", "aseggdf2netcdf.vcxproj", "{0636C513-CAB2-45C1-8942-FDBFD5653916}"
	ProjectSection(ProjectDependencies) = postProject
		{881E5465-4273-43A2-85B3-69B1C9AF0509} = {881E5465-4273-43A2-85B3-69B1C9AF0509}
	EndProjectSection
EndProject
Project("{8BC9CEB8-8B4A-11D0-8D11-00A0C91BC942}") = "libnetcdfcxx", "..\libnetcdfcxx\libnetcdfcxx.vcxproj", "{881E5465-4273-43A2-85B3-69B1C9AF0509}"
EndProject
Global
	GlobalSection(SolutionConfigurationPlatforms) = preSolution
		Debug|Win32 = Debug|Win32
		Debug|x64 = Debug|x64
		Release|Win32 = Release|Win32
		Release|x64 = Release|x64
	EndGlobalSection
	GlobalSection(ProjectConfigurationPlatforms) = postSolution
		{0636C513-CAB2-45C1-8942-FDBFD5653916}.Debug|Win32.ActiveCfg = Debug|x64
		{0636C513-CAB2-45C1-8942-FDBFD5653916}.Debug|x64.ActiveCfg = Debug|x64
		{0636C513-CAB2-45C1-8942-FDBFD5653916}.Debug|x64.Build.0 = Debug|x64
		{0636C513-CAB2-45C1-8942-FDBFD5653916}.Release|Win32.ActiveCfg = Release|x64
		{0636C513-CAB2-45C1-8942-FDBFD5653916}.Release|x64.ActiveCfg = Release|x64
		{0636C513-CAB2-45C1-8942-FDBFD5653916}.Release|x64.Build.0 = Release|x64
		{881E5465-4273-43A2-85B3-69B1C9AF0509}.Debug|Win32.ActiveCfg = Debug|x64
		{881E5465-4273-43A2-85B3-69B1C9AF0509}.Debug|x64.ActiveCfg = Debug|x64
		{881E5465-4273-43A2-85B3-69B1C9AF0509}.Debug|x64.Build.0 = Debug|x64
		{881E5465-4273-43A2-85B3-69B1C9AF0509}.Release|Win32.ActiveCfg = Release|x64
		{881E5465-4273-43A2-85B3-69B1C9AF0509}.Release|x64.ActiveCfg = Release|x64
		{881E5465-4273-43A2-85B3-69B1C9AF0509}.Release|x64.Build.0 = Release|x64
	EndGlobalSection
	GlobalSection(SolutionProperties) = preSolution
		HideSolutionNode = FALSE
	EndGlobalSection
	GlobalSection(ExtensibilityGlobals) = postSolution
		SolutionGuid = {F25EE938-D074-4601-BD56-8EF996FF624A}
	EndGlobalSection
EndGlobal
